
Microsoft Visual Studio Solution File, Format Version 12.00
# Visual Studio Version 16
VisualStudioVersion = 16.0.30309.148
MinimumVisualStudioVersion = 10.0.40219.1
Project("{9A19103F-16F7-4668-BE54-9A1E7A4F7556}") = "AzureDevOpsCITest", "AzureDevOpsCITest\AzureDevOpsCITest.csproj", "{ED50A1FD-576F-4E80-9EC8-DF6FE528E292}"
EndProject
Project("{FAE04EC0-301F-11D3-BF4B-00C04F79EFBC}") = "UnitTestProject2", "UnitTestProject2\UnitTestProject2.csproj", "{6974AC42-DB03-4DAD-864B-850CBBBC8CA6}"
EndProject
Project("{9A19103F-16F7-4668-BE54-9A1E7A4F7556}") = "UnitTestProject1", "UnitTestProject1\UnitTestProject1.csproj", "{445E0543-0E38-4D98-ABCB-9599284C844F}"
EndProject
Global
	GlobalSection(SolutionConfigurationPlatforms) = preSolution
		Debug|Any CPU = Debug|Any CPU
		Release|Any CPU = Release|Any CPU
	EndGlobalSection
	GlobalSection(ProjectConfigurationPlatforms) = postSolution
		{ED50A1FD-576F-4E80-9EC8-DF6FE528E292}.Debug|Any CPU.ActiveCfg = Debug|Any CPU
		{ED50A1FD-576F-4E80-9EC8-DF6FE528E292}.Debug|Any CPU.Build.0 = Debug|Any CPU
		{ED50A1FD-576F-4E80-9EC8-DF6FE528E292}.Release|Any CPU.ActiveCfg = Release|Any CPU
		{ED50A1FD-576F-4E80-9EC8-DF6FE528E292}.Release|Any CPU.Build.0 = Release|Any CPU
		{6974AC42-DB03-4DAD-864B-850CBBBC8CA6}.Debug|Any CPU.ActiveCfg = Debug|Any CPU
		{6974AC42-DB03-4DAD-864B-850CBBBC8CA6}.Debug|Any CPU.Build.0 = Debug|Any CPU
		{6974AC42-DB03-4DAD-864B-850CBBBC8CA6}.Release|Any CPU.ActiveCfg = Release|Any CPU
		{6974AC42-DB03-4DAD-864B-850CBBBC8CA6}.Release|Any CPU.Build.0 = Release|Any CPU
		{445E0543-0E38-4D98-ABCB-9599284C844F}.Debug|Any CPU.ActiveCfg = Debug|Any CPU
		{445E0543-0E38-4D98-ABCB-9599284C844F}.Debug|Any CPU.Build.0 = Debug|Any CPU
		{445E0543-0E38-4D98-ABCB-9599284C844F}.Release|Any CPU.ActiveCfg = Release|Any CPU
		{445E0543-0E38-4D98-ABCB-9599284C844F}.Release|Any CPU.Build.0 = Release|Any CPU
	EndGlobalSection
	GlobalSection(SolutionProperties) = preSolution
		HideSolutionNode = FALSE
	EndGlobalSection
	GlobalSection(ExtensibilityGlobals) = postSolution
		SolutionGuid = {345F057F-1D4F-4B32-8BCB-4D4ADD2CEC06}
	EndGlobalSection
EndGlobal
